// !$*UTF8*$!
{
	archiveVersion = 1;
	classes = {
	};
	objectVersion = 56;
	objects = {

/* Begin PBXBuildFile section */
		8506C02B2D7F961900362FD1 /* TitleTableViewCell.swift in Sources */ = {isa = PBXBuildFile; fileRef = 8506C02A2D7F961900362FD1 /* TitleTableViewCell.swift */; };
		8506C02D2D7F9DAC00362FD1 /* TitleViewModel.swift in Sources */ = {isa = PBXBuildFile; fileRef = 8506C02C2D7F9DAC00362FD1 /* TitleViewModel.swift */; };
		851085E42D773C0F00DBF9E4 /* TitleCollectionViewCell.swift in Sources */ = {isa = PBXBuildFile; fileRef = 851085E32D773C0F00DBF9E4 /* TitleCollectionViewCell.swift */; };
		851085E72D776E0D00DBF9E4 /* SDWebImage in Frameworks */ = {isa = PBXBuildFile; productRef = 851085E62D776E0D00DBF9E4 /* SDWebImage */; };
		851085E92D776E0D00DBF9E4 /* SDWebImageMapKit in Frameworks */ = {isa = PBXBuildFile; productRef = 851085E82D776E0D00DBF9E4 /* SDWebImageMapKit */; };
		8534C9532D720AA6007D6B63 /* AppDelegate.swift in Sources */ = {isa = PBXBuildFile; fileRef = 8534C9522D720AA6007D6B63 /* AppDelegate.swift */; };
		8534C9552D720AA6007D6B63 /* SceneDelegate.swift in Sources */ = {isa = PBXBuildFile; fileRef = 8534C9542D720AA6007D6B63 /* SceneDelegate.swift */; };
		8534C9572D720AA6007D6B63 /* MainTabBarViewController.swift in Sources */ = {isa = PBXBuildFile; fileRef = 8534C9562D720AA6007D6B63 /* MainTabBarViewController.swift */; };
		8534C95C2D720AA8007D6B63 /* Assets.xcassets in Resources */ = {isa = PBXBuildFile; fileRef = 8534C95B2D720AA8007D6B63 /* Assets.xcassets */; };
		8534C95F2D720AA8007D6B63 /* LaunchScreen.storyboard in Resources */ = {isa = PBXBuildFile; fileRef = 8534C95D2D720AA8007D6B63 /* LaunchScreen.storyboard */; };
		8534C9682D723892007D6B63 /* HomeViewController.swift in Sources */ = {isa = PBXBuildFile; fileRef = 8534C9672D723892007D6B63 /* HomeViewController.swift */; };
		8534C96A2D7238E7007D6B63 /* UpcomingViewController.swift in Sources */ = {isa = PBXBuildFile; fileRef = 8534C9692D7238E7007D6B63 /* UpcomingViewController.swift */; };
		8534C96C2D7238F7007D6B63 /* SearchViewController.swift in Sources */ = {isa = PBXBuildFile; fileRef = 8534C96B2D7238F7007D6B63 /* SearchViewController.swift */; };
		8534C96E2D723982007D6B63 /* DownloadViewController.swift in Sources */ = {isa = PBXBuildFile; fileRef = 8534C96D2D723982007D6B63 /* DownloadViewController.swift */; };
		855DC40B2D7397C30088A2FA /* CollectionViewTableViewCell.swift in Sources */ = {isa = PBXBuildFile; fileRef = 855DC40A2D7397C30088A2FA /* CollectionViewTableViewCell.swift */; };
		8566F6372D75066B0036E7EE /* HeroHeaderUIView.swift in Sources */ = {isa = PBXBuildFile; fileRef = 8566F6362D75066B0036E7EE /* HeroHeaderUIView.swift */; };
		8572CC9A2D75C23200231D66 /* APICaller.swift in Sources */ = {isa = PBXBuildFile; fileRef = 8572CC992D75C23200231D66 /* APICaller.swift */; };
		8572CC9C2D76189200231D66 /* Title.swift in Sources */ = {isa = PBXBuildFile; fileRef = 8572CC9B2D76189200231D66 /* Title.swift */; };
		8572CC9E2D767EE000231D66 /* Extensions.swift in Sources */ = {isa = PBXBuildFile; fileRef = 8572CC9D2D767EE000231D66 /* Extensions.swift */; };
		8572CCA02D76924800231D66 /* Tv.swift in Sources */ = {isa = PBXBuildFile; fileRef = 8572CC9F2D76924800231D66 /* Tv.swift */; };
/* End PBXBuildFile section */

/* Begin PBXFileReference section */
		8506C02A2D7F961900362FD1 /* TitleTableViewCell.swift */ = {isa = PBXFileReference; lastKnownFileType = sourcecode.swift; path = TitleTableViewCell.swift; sourceTree = "<group>"; };
		8506C02C2D7F9DAC00362FD1 /* TitleViewModel.swift */ = {isa = PBXFileReference; lastKnownFileType = sourcecode.swift; path = TitleViewModel.swift; sourceTree = "<group>"; };
		851085E32D773C0F00DBF9E4 /* TitleCollectionViewCell.swift */ = {isa = PBXFileReference; lastKnownFileType = sourcecode.swift; path = TitleCollectionViewCell.swift; sourceTree = "<group>"; };
		8534C94F2D720AA6007D6B63 /* ClonFlix.app */ = {isa = PBXFileReference; explicitFileType = wrapper.application; includeInIndex = 0; path = ClonFlix.app; sourceTree = BUILT_PRODUCTS_DIR; };
		8534C9522D720AA6007D6B63 /* AppDelegate.swift */ = {isa = PBXFileReference; lastKnownFileType = sourcecode.swift; path = AppDelegate.swift; sourceTree = "<group>"; };
		8534C9542D720AA6007D6B63 /* SceneDelegate.swift */ = {isa = PBXFileReference; lastKnownFileType = sourcecode.swift; path = SceneDelegate.swift; sourceTree = "<group>"; };
		8534C9562D720AA6007D6B63 /* MainTabBarViewController.swift */ = {isa = PBXFileReference; lastKnownFileType = sourcecode.swift; path = MainTabBarViewController.swift; sourceTree = "<group>"; };
		8534C95B2D720AA8007D6B63 /* Assets.xcassets */ = {isa = PBXFileReference; lastKnownFileType = folder.assetcatalog; path = Assets.xcassets; sourceTree = "<group>"; };
		8534C95E2D720AA8007D6B63 /* Base */ = {isa = PBXFileReference; lastKnownFileType = file.storyboard; name = Base; path = Base.lproj/LaunchScreen.storyboard; sourceTree = "<group>"; };
		8534C9602D720AA8007D6B63 /* Info.plist */ = {isa = PBXFileReference; lastKnownFileType = text.plist.xml; path = Info.plist; sourceTree = "<group>"; };
		8534C9672D723892007D6B63 /* HomeViewController.swift */ = {isa = PBXFileReference; lastKnownFileType = sourcecode.swift; path = HomeViewController.swift; sourceTree = "<group>"; };
		8534C9692D7238E7007D6B63 /* UpcomingViewController.swift */ = {isa = PBXFileReference; lastKnownFileType = sourcecode.swift; path = UpcomingViewController.swift; sourceTree = "<group>"; };
		8534C96B2D7238F7007D6B63 /* SearchViewController.swift */ = {isa = PBXFileReference; lastKnownFileType = sourcecode.swift; path = SearchViewController.swift; sourceTree = "<group>"; };
		8534C96D2D723982007D6B63 /* DownloadViewController.swift */ = {isa = PBXFileReference; lastKnownFileType = sourcecode.swift; path = DownloadViewController.swift; sourceTree = "<group>"; };
		855DC40A2D7397C30088A2FA /* CollectionViewTableViewCell.swift */ = {isa = PBXFileReference; lastKnownFileType = sourcecode.swift; path = CollectionViewTableViewCell.swift; sourceTree = "<group>"; };
		8566F6362D75066B0036E7EE /* HeroHeaderUIView.swift */ = {isa = PBXFileReference; lastKnownFileType = sourcecode.swift; path = HeroHeaderUIView.swift; sourceTree = "<group>"; };
		8572CC992D75C23200231D66 /* APICaller.swift */ = {isa = PBXFileReference; lastKnownFileType = sourcecode.swift; path = APICaller.swift; sourceTree = "<group>"; };
		8572CC9B2D76189200231D66 /* Title.swift */ = {isa = PBXFileReference; lastKnownFileType = sourcecode.swift; path = Title.swift; sourceTree = "<group>"; };
		8572CC9D2D767EE000231D66 /* Extensions.swift */ = {isa = PBXFileReference; lastKnownFileType = sourcecode.swift; path = Extensions.swift; sourceTree = "<group>"; };
		8572CC9F2D76924800231D66 /* Tv.swift */ = {isa = PBXFileReference; lastKnownFileType = sourcecode.swift; path = Tv.swift; sourceTree = "<group>"; };
/* End PBXFileReference section */

/* Begin PBXFrameworksBuildPhase section */
		8534C94C2D720AA6007D6B63 /* Frameworks */ = {
			isa = PBXFrameworksBuildPhase;
			buildActionMask = 2147483647;
			files = (
				851085E92D776E0D00DBF9E4 /* SDWebImageMapKit in Frameworks */,
				851085E72D776E0D00DBF9E4 /* SDWebImage in Frameworks */,
			);
			runOnlyForDeploymentPostprocessing = 0;
		};
/* End PBXFrameworksBuildPhase section */

/* Begin PBXGroup section */
		8534C9462D720AA6007D6B63 = {
			isa = PBXGroup;
			children = (
				8534C9512D720AA6007D6B63 /* ClonFlix */,
				8534C9502D720AA6007D6B63 /* Products */,
			);
			sourceTree = "<group>";
		};
		8534C9502D720AA6007D6B63 /* Products */ = {
			isa = PBXGroup;
			children = (
				8534C94F2D720AA6007D6B63 /* ClonFlix.app */,
			);
			name = Products;
			sourceTree = "<group>";
		};
		8534C9512D720AA6007D6B63 /* ClonFlix */ = {
			isa = PBXGroup;
			children = (
				855DC4092D73976A0088A2FA /* Managers */,
				855DC4082D73975E0088A2FA /* Resources */,
				855DC4072D735DF30088A2FA /* Models */,
				855DC4052D735DCC0088A2FA /* Views */,
				855DC4062D735DE40088A2FA /* ViewModels */,
				8534C9662D723836007D6B63 /* Controlles */,
				8534C9522D720AA6007D6B63 /* AppDelegate.swift */,
				8534C9542D720AA6007D6B63 /* SceneDelegate.swift */,
				8534C9562D720AA6007D6B63 /* MainTabBarViewController.swift */,
				8534C95B2D720AA8007D6B63 /* Assets.xcassets */,
				8534C95D2D720AA8007D6B63 /* LaunchScreen.storyboard */,
				8534C9602D720AA8007D6B63 /* Info.plist */,
			);
			path = ClonFlix;
			sourceTree = "<group>";
		};
		8534C9662D723836007D6B63 /* Controlles */ = {
			isa = PBXGroup;
			children = (
				8534C9672D723892007D6B63 /* HomeViewController.swift */,
				8534C9692D7238E7007D6B63 /* UpcomingViewController.swift */,
				8534C96B2D7238F7007D6B63 /* SearchViewController.swift */,
				8534C96D2D723982007D6B63 /* DownloadViewController.swift */,
			);
			name = Controlles;
			sourceTree = "<group>";
		};
		855DC4052D735DCC0088A2FA /* Views */ = {
			isa = PBXGroup;
			children = (
				855DC40A2D7397C30088A2FA /* CollectionViewTableViewCell.swift */,
				8566F6362D75066B0036E7EE /* HeroHeaderUIView.swift */,
				851085E32D773C0F00DBF9E4 /* TitleCollectionViewCell.swift */,
				8506C02A2D7F961900362FD1 /* TitleTableViewCell.swift */,
			);
			path = Views;
			sourceTree = "<group>";
		};
		855DC4062D735DE40088A2FA /* ViewModels */ = {
			isa = PBXGroup;
			children = (
				8506C02C2D7F9DAC00362FD1 /* TitleViewModel.swift */,
			);
			name = ViewModels;
			sourceTree = "<group>";
		};
		855DC4072D735DF30088A2FA /* Models */ = {
			isa = PBXGroup;
			children = (
				8572CC9B2D76189200231D66 /* Title.swift */,
				8572CC9F2D76924800231D66 /* Tv.swift */,
			);
			path = Models;
			sourceTree = "<group>";
		};
		855DC4082D73975E0088A2FA /* Resources */ = {
			isa = PBXGroup;
			children = (
				8572CC9D2D767EE000231D66 /* Extensions.swift */,
			);
			name = Resources;
			sourceTree = "<group>";
		};
		855DC4092D73976A0088A2FA /* Managers */ = {
			isa = PBXGroup;
			children = (
				8572CC992D75C23200231D66 /* APICaller.swift */,
			);
			path = Managers;
			sourceTree = "<group>";
		};
/* End PBXGroup section */

/* Begin PBXNativeTarget section */
		8534C94E2D720AA6007D6B63 /* ClonFlix */ = {
			isa = PBXNativeTarget;
			buildConfigurationList = 8534C9632D720AA8007D6B63 /* Build configuration list for PBXNativeTarget "ClonFlix" */;
			buildPhases = (
				8534C94B2D720AA6007D6B63 /* Sources */,
				8534C94C2D720AA6007D6B63 /* Frameworks */,
				8534C94D2D720AA6007D6B63 /* Resources */,
			);
			buildRules = (
			);
			dependencies = (
			);
			name = ClonFlix;
			packageProductDependencies = (
				851085E62D776E0D00DBF9E4 /* SDWebImage */,
				851085E82D776E0D00DBF9E4 /* SDWebImageMapKit */,
			);
			productName = ClonFlix;
			productReference = 8534C94F2D720AA6007D6B63 /* ClonFlix.app */;
			productType = "com.apple.product-type.application";
		};
/* End PBXNativeTarget section */

/* Begin PBXProject section */
		8534C9472D720AA6007D6B63 /* Project object */ = {
			isa = PBXProject;
			attributes = {
				BuildIndependentTargetsInParallel = 1;
				LastSwiftUpdateCheck = 1520;
				LastUpgradeCheck = 1520;
				TargetAttributes = {
					8534C94E2D720AA6007D6B63 = {
						CreatedOnToolsVersion = 15.2;
					};
				};
			};
			buildConfigurationList = 8534C94A2D720AA6007D6B63 /* Build configuration list for PBXProject "ClonFlix" */;
			compatibilityVersion = "Xcode 14.0";
			developmentRegion = en;
			hasScannedForEncodings = 0;
			knownRegions = (
				en,
				Base,
			);
			mainGroup = 8534C9462D720AA6007D6B63;
			packageReferences = (
				851085E52D776E0D00DBF9E4 /* XCRemoteSwiftPackageReference "SDWebImage" */,
			);
			productRefGroup = 8534C9502D720AA6007D6B63 /* Products */;
			projectDirPath = "";
			projectRoot = "";
			targets = (
				8534C94E2D720AA6007D6B63 /* ClonFlix */,
			);
		};
/* End PBXProject section */

/* Begin PBXResourcesBuildPhase section */
		8534C94D2D720AA6007D6B63 /* Resources */ = {
			isa = PBXResourcesBuildPhase;
			buildActionMask = 2147483647;
			files = (
				8534C95F2D720AA8007D6B63 /* LaunchScreen.storyboard in Resources */,
				8534C95C2D720AA8007D6B63 /* Assets.xcassets in Resources */,
			);
			runOnlyForDeploymentPostprocessing = 0;
		};
/* End PBXResourcesBuildPhase section */

/* Begin PBXSourcesBuildPhase section */
		8534C94B2D720AA6007D6B63 /* Sources */ = {
			isa = PBXSourcesBuildPhase;
			buildActionMask = 2147483647;
			files = (
				8534C96C2D7238F7007D6B63 /* SearchViewController.swift in Sources */,
				8534C9572D720AA6007D6B63 /* MainTabBarViewController.swift in Sources */,
				855DC40B2D7397C30088A2FA /* CollectionViewTableViewCell.swift in Sources */,
				8572CC9A2D75C23200231D66 /* APICaller.swift in Sources */,
				8566F6372D75066B0036E7EE /* HeroHeaderUIView.swift in Sources */,
				8534C9532D720AA6007D6B63 /* AppDelegate.swift in Sources */,
				8534C96E2D723982007D6B63 /* DownloadViewController.swift in Sources */,
				851085E42D773C0F00DBF9E4 /* TitleCollectionViewCell.swift in Sources */,
				8572CC9E2D767EE000231D66 /* Extensions.swift in Sources */,
				8534C9552D720AA6007D6B63 /* SceneDelegate.swift in Sources */,
				8506C02B2D7F961900362FD1 /* TitleTableViewCell.swift in Sources */,
				8534C96A2D7238E7007D6B63 /* UpcomingViewController.swift in Sources */,
				8572CC9C2D76189200231D66 /* Title.swift in Sources */,
				8506C02D2D7F9DAC00362FD1 /* TitleViewModel.swift in Sources */,
				8572CCA02D76924800231D66 /* Tv.swift in Sources */,
				8534C9682D723892007D6B63 /* HomeViewController.swift in Sources */,
			);
			runOnlyForDeploymentPostprocessing = 0;
		};
/* End PBXSourcesBuildPhase section */

/* Begin PBXVariantGroup section */
		8534C95D2D720AA8007D6B63 /* LaunchScreen.storyboard */ = {
			isa = PBXVariantGroup;
			children = (
				8534C95E2D720AA8007D6B63 /* Base */,
			);
			name = LaunchScreen.storyboard;
			sourceTree = "<group>";
		};
/* End PBXVariantGroup section */

/* Begin XCBuildConfiguration section */
		8534C9612D720AA8007D6B63 /* Debug */ = {
			isa = XCBuildConfiguration;
			buildSettings = {
				ALWAYS_SEARCH_USER_PATHS = NO;
				ASSETCATALOG_COMPILER_GENERATE_SWIFT_ASSET_SYMBOL_EXTENSIONS = YES;
				CLANG_ANALYZER_NONNULL = YES;
				CLANG_ANALYZER_NUMBER_OBJECT_CONVERSION = YES_AGGRESSIVE;
				CLANG_CXX_LANGUAGE_STANDARD = "gnu++20";
				CLANG_ENABLE_MODULES = YES;
				CLANG_ENABLE_OBJC_ARC = YES;
				CLANG_ENABLE_OBJC_WEAK = YES;
				CLANG_WARN_BLOCK_CAPTURE_AUTORELEASING = YES;
				CLANG_WARN_BOOL_CONVERSION = YES;
				CLANG_WARN_COMMA = YES;
				CLANG_WARN_CONSTANT_CONVERSION = YES;
				CLANG_WARN_DEPRECATED_OBJC_IMPLEMENTATIONS = YES;
				CLANG_WARN_DIRECT_OBJC_ISA_USAGE = YES_ERROR;
				CLANG_WARN_DOCUMENTATION_COMMENTS = YES;
				CLANG_WARN_EMPTY_BODY = YES;
				CLANG_WARN_ENUM_CONVERSION = YES;
				CLANG_WARN_INFINITE_RECURSION = YES;
				CLANG_WARN_INT_CONVERSION = YES;
				CLANG_WARN_NON_LITERAL_NULL_CONVERSION = YES;
				CLANG_WARN_OBJC_IMPLICIT_RETAIN_SELF = YES;
				CLANG_WARN_OBJC_LITERAL_CONVERSION = YES;
				CLANG_WARN_OBJC_ROOT_CLASS = YES_ERROR;
				CLANG_WARN_QUOTED_INCLUDE_IN_FRAMEWORK_HEADER = YES;
				CLANG_WARN_RANGE_LOOP_ANALYSIS = YES;
				CLANG_WARN_STRICT_PROTOTYPES = YES;
				CLANG_WARN_SUSPICIOUS_MOVE = YES;
				CLANG_WARN_UNGUARDED_AVAILABILITY = YES_AGGRESSIVE;
				CLANG_WARN_UNREACHABLE_CODE = YES;
				CLANG_WARN__DUPLICATE_METHOD_MATCH = YES;
				COPY_PHASE_STRIP = NO;
				DEBUG_INFORMATION_FORMAT = dwarf;
				ENABLE_STRICT_OBJC_MSGSEND = YES;
				ENABLE_TESTABILITY = YES;
				ENABLE_USER_SCRIPT_SANDBOXING = YES;
				GCC_C_LANGUAGE_STANDARD = gnu17;
				GCC_DYNAMIC_NO_PIC = NO;
				GCC_NO_COMMON_BLOCKS = YES;
				GCC_OPTIMIZATION_LEVEL = 0;
				GCC_PREPROCESSOR_DEFINITIONS = (
					"DEBUG=1",
					"$(inherited)",
				);
				GCC_WARN_64_TO_32_BIT_CONVERSION = YES;
				GCC_WARN_ABOUT_RETURN_TYPE = YES_ERROR;
				GCC_WARN_UNDECLARED_SELECTOR = YES;
				GCC_WARN_UNINITIALIZED_AUTOS = YES_AGGRESSIVE;
				GCC_WARN_UNUSED_FUNCTION = YES;
				GCC_WARN_UNUSED_VARIABLE = YES;
				IPHONEOS_DEPLOYMENT_TARGET = 17.2;
				LOCALIZATION_PREFERS_STRING_CATALOGS = YES;
				MTL_ENABLE_DEBUG_INFO = INCLUDE_SOURCE;
				MTL_FAST_MATH = YES;
				ONLY_ACTIVE_ARCH = YES;
				SDKROOT = iphoneos;
				SWIFT_ACTIVE_COMPILATION_CONDITIONS = "DEBUG $(inherited)";
				SWIFT_OPTIMIZATION_LEVEL = "-Onone";
			};
			name = Debug;
		};
		8534C9622D720AA8007D6B63 /* Release */ = {
			isa = XCBuildConfiguration;
			buildSettings = {
				ALWAYS_SEARCH_USER_PATHS = NO;
				ASSETCATALOG_COMPILER_GENERATE_SWIFT_ASSET_SYMBOL_EXTENSIONS = YES;
				CLANG_ANALYZER_NONNULL = YES;
				CLANG_ANALYZER_NUMBER_OBJECT_CONVERSION = YES_AGGRESSIVE;
				CLANG_CXX_LANGUAGE_STANDARD = "gnu++20";
				CLANG_ENABLE_MODULES = YES;
				CLANG_ENABLE_OBJC_ARC = YES;
				CLANG_ENABLE_OBJC_WEAK = YES;
				CLANG_WARN_BLOCK_CAPTURE_AUTORELEASING = YES;
				CLANG_WARN_BOOL_CONVERSION = YES;
				CLANG_WARN_COMMA = YES;
				CLANG_WARN_CONSTANT_CONVERSION = YES;
				CLANG_WARN_DEPRECATED_OBJC_IMPLEMENTATIONS = YES;
				CLANG_WARN_DIRECT_OBJC_ISA_USAGE = YES_ERROR;
				CLANG_WARN_DOCUMENTATION_COMMENTS = YES;
				CLANG_WARN_EMPTY_BODY = YES;
				CLANG_WARN_ENUM_CONVERSION = YES;
				CLANG_WARN_INFINITE_RECURSION = YES;
				CLANG_WARN_INT_CONVERSION = YES;
				CLANG_WARN_NON_LITERAL_NULL_CONVERSION = YES;
				CLANG_WARN_OBJC_IMPLICIT_RETAIN_SELF = YES;
				CLANG_WARN_OBJC_LITERAL_CONVERSION = YES;
				CLANG_WARN_OBJC_ROOT_CLASS = YES_ERROR;
				CLANG_WARN_QUOTED_INCLUDE_IN_FRAMEWORK_HEADER = YES;
				CLANG_WARN_RANGE_LOOP_ANALYSIS = YES;
				CLANG_WARN_STRICT_PROTOTYPES = YES;
				CLANG_WARN_SUSPICIOUS_MOVE = YES;
				CLANG_WARN_UNGUARDED_AVAILABILITY = YES_AGGRESSIVE;
				CLANG_WARN_UNREACHABLE_CODE = YES;
				CLANG_WARN__DUPLICATE_METHOD_MATCH = YES;
				COPY_PHASE_STRIP = NO;
				DEBUG_INFORMATION_FORMAT = "dwarf-with-dsym";
				ENABLE_NS_ASSERTIONS = NO;
				ENABLE_STRICT_OBJC_MSGSEND = YES;
				ENABLE_USER_SCRIPT_SANDBOXING = YES;
				GCC_C_LANGUAGE_STANDARD = gnu17;
				GCC_NO_COMMON_BLOCKS = YES;
				GCC_WARN_64_TO_32_BIT_CONVERSION = YES;
				GCC_WARN_ABOUT_RETURN_TYPE = YES_ERROR;
				GCC_WARN_UNDECLARED_SELECTOR = YES;
				GCC_WARN_UNINITIALIZED_AUTOS = YES_AGGRESSIVE;
				GCC_WARN_UNUSED_FUNCTION = YES;
				GCC_WARN_UNUSED_VARIABLE = YES;
				IPHONEOS_DEPLOYMENT_TARGET = 17.2;
				LOCALIZATION_PREFERS_STRING_CATALOGS = YES;
				MTL_ENABLE_DEBUG_INFO = NO;
				MTL_FAST_MATH = YES;
				SDKROOT = iphoneos;
				SWIFT_COMPILATION_MODE = wholemodule;
				VALIDATE_PRODUCT = YES;
			};
			name = Release;
		};
		8534C9642D720AA8007D6B63 /* Debug */ = {
			isa = XCBuildConfiguration;
			buildSettings = {
				ASSETCATALOG_COMPILER_APPICON_NAME = AppIcon;
				ASSETCATALOG_COMPILER_GLOBAL_ACCENT_COLOR_NAME = AccentColor;
				CODE_SIGN_STYLE = Automatic;
				CURRENT_PROJECT_VERSION = 1;
				DEVELOPMENT_TEAM = SCW7R79G2X;
				GENERATE_INFOPLIST_FILE = YES;
				INFOPLIST_FILE = ClonFlix/Info.plist;
				INFOPLIST_KEY_UIApplicationSupportsIndirectInputEvents = YES;
				INFOPLIST_KEY_UILaunchStoryboardName = LaunchScreen;
				INFOPLIST_KEY_UISupportedInterfaceOrientations_iPad = "UIInterfaceOrientationPortrait UIInterfaceOrientationPortraitUpsideDown UIInterfaceOrientationLandscapeLeft UIInterfaceOrientationLandscapeRight";
				INFOPLIST_KEY_UISupportedInterfaceOrientations_iPhone = "UIInterfaceOrientationPortrait UIInterfaceOrientationLandscapeLeft UIInterfaceOrientationLandscapeRight";
				LD_RUNPATH_SEARCH_PATHS = (
					"$(inherited)",
					"@executable_path/Frameworks",
				);
				MARKETING_VERSION = 1.0;
				PRODUCT_BUNDLE_IDENTIFIER = com.dvelo.ClonFlix;
				PRODUCT_NAME = "$(TARGET_NAME)";
				SWIFT_EMIT_LOC_STRINGS = YES;
				SWIFT_VERSION = 5.0;
				TARGETED_DEVICE_FAMILY = "1,2";
			};
			name = Debug;
		};
		8534C9652D720AA8007D6B63 /* Release */ = {
			isa = XCBuildConfiguration;
			buildSettings = {
				ASSETCATALOG_COMPILER_APPICON_NAME = AppIcon;
				ASSETCATALOG_COMPILER_GLOBAL_ACCENT_COLOR_NAME = AccentColor;
				CODE_SIGN_STYLE = Automatic;
				CURRENT_PROJECT_VERSION = 1;
				DEVELOPMENT_TEAM = SCW7R79G2X;
				GENERATE_INFOPLIST_FILE = YES;
				INFOPLIST_FILE = ClonFlix/Info.plist;
				INFOPLIST_KEY_UIApplicationSupportsIndirectInputEvents = YES;
				INFOPLIST_KEY_UILaunchStoryboardName = LaunchScreen;
				INFOPLIST_KEY_UISupportedInterfaceOrientations_iPad = "UIInterfaceOrientationPortrait UIInterfaceOrientationPortraitUpsideDown UIInterfaceOrientationLandscapeLeft UIInterfaceOrientationLandscapeRight";
				INFOPLIST_KEY_UISupportedInterfaceOrientations_iPhone = "UIInterfaceOrientationPortrait UIInterfaceOrientationLandscapeLeft UIInterfaceOrientationLandscapeRight";
				LD_RUNPATH_SEARCH_PATHS = (
					"$(inherited)",
					"@executable_path/Frameworks",
				);
				MARKETING_VERSION = 1.0;
				PRODUCT_BUNDLE_IDENTIFIER = com.dvelo.ClonFlix;
				PRODUCT_NAME = "$(TARGET_NAME)";
				SWIFT_EMIT_LOC_STRINGS = YES;
				SWIFT_VERSION = 5.0;
				TARGETED_DEVICE_FAMILY = "1,2";
			};
			name = Release;
		};
/* End XCBuildConfiguration section */

/* Begin XCConfigurationList section */
		8534C94A2D720AA6007D6B63 /* Build configuration list for PBXProject "ClonFlix" */ = {
			isa = XCConfigurationList;
			buildConfigurations = (
				8534C9612D720AA8007D6B63 /* Debug */,
				8534C9622D720AA8007D6B63 /* Release */,
			);
			defaultConfigurationIsVisible = 0;
			defaultConfigurationName = Release;
		};
		8534C9632D720AA8007D6B63 /* Build configuration list for PBXNativeTarget "ClonFlix" */ = {
			isa = XCConfigurationList;
			buildConfigurations = (
				8534C9642D720AA8007D6B63 /* Debug */,
				8534C9652D720AA8007D6B63 /* Release */,
			);
			defaultConfigurationIsVisible = 0;
			defaultConfigurationName = Release;
		};
/* End XCConfigurationList section */

/* Begin XCRemoteSwiftPackageReference section */
		851085E52D776E0D00DBF9E4 /* XCRemoteSwiftPackageReference "SDWebImage" */ = {
			isa = XCRemoteSwiftPackageReference;
			repositoryURL = "https://github.com/SDWebImage/SDWebImage.git";
			requirement = {
				kind = upToNextMajorVersion;
				minimumVersion = 5.21.0;
			};
		};
/* End XCRemoteSwiftPackageReference section */

/* Begin XCSwiftPackageProductDependency section */
		851085E62D776E0D00DBF9E4 /* SDWebImage */ = {
			isa = XCSwiftPackageProductDependency;
			package = 851085E52D776E0D00DBF9E4 /* XCRemoteSwiftPackageReference "SDWebImage" */;
			productName = SDWebImage;
		};
		851085E82D776E0D00DBF9E4 /* SDWebImageMapKit */ = {
			isa = XCSwiftPackageProductDependency;
			package = 851085E52D776E0D00DBF9E4 /* XCRemoteSwiftPackageReference "SDWebImage" */;
			productName = SDWebImageMapKit;
		};
/* End XCSwiftPackageProductDependency section */
	};
	rootObject = 8534C9472D720AA6007D6B63 /* Project object */;
}
